// !$*UTF8*$!
{
	archiveVersion = 1;
	classes = {
	};
	objectVersion = 51;
	objects = {

/* Begin PBXBuildFile section */
		86A44A94BF35B9D25DCF45F9 /* Pods_Rocketshelf.framework in Frameworks */ = {isa = PBXBuildFile; fileRef = B2FC73D9E80DDFF4D87C5824 /* Pods_Rocketshelf.framework */; };
		AE8ACD4323D7473B003C8213 /* AppDelegate.swift in Sources */ = {isa = PBXBuildFile; fileRef = AE8ACD4223D7473B003C8213 /* AppDelegate.swift */; };
		AE8ACD4523D7473B003C8213 /* SceneDelegate.swift in Sources */ = {isa = PBXBuildFile; fileRef = AE8ACD4423D7473B003C8213 /* SceneDelegate.swift */; };
		AE8ACD4723D7473B003C8213 /* ViewController.swift in Sources */ = {isa = PBXBuildFile; fileRef = AE8ACD4623D7473B003C8213 /* ViewController.swift */; };
		AE8ACD4D23D7473B003C8213 /* Rocketshelf.xcdatamodeld in Sources */ = {isa = PBXBuildFile; fileRef = AE8ACD4B23D7473B003C8213 /* Rocketshelf.xcdatamodeld */; };
		AE8ACD4F23D7473C003C8213 /* Assets.xcassets in Resources */ = {isa = PBXBuildFile; fileRef = AE8ACD4E23D7473C003C8213 /* Assets.xcassets */; };
		AE8ACD5C23D75C66003C8213 /* GoogleService-Info.plist in Resources */ = {isa = PBXBuildFile; fileRef = AE8ACD5B23D75C66003C8213 /* GoogleService-Info.plist */; };
		AEAF427223D7971200320816 /* Main.storyboard in Resources */ = {isa = PBXBuildFile; fileRef = AEAF427023D7971200320816 /* Main.storyboard */; };
		AEAF427523D7972B00320816 /* LaunchScreen.storyboard in Resources */ = {isa = PBXBuildFile; fileRef = AEAF427323D7972B00320816 /* LaunchScreen.storyboard */; };
/* End PBXBuildFile section */

/* Begin PBXFileReference section */
		2941F0E4162D3F644B5BFF60 /* Pods-Rocketshelf.debug.xcconfig */ = {isa = PBXFileReference; includeInIndex = 1; lastKnownFileType = text.xcconfig; name = "Pods-Rocketshelf.debug.xcconfig"; path = "Target Support Files/Pods-Rocketshelf/Pods-Rocketshelf.debug.xcconfig"; sourceTree = "<group>"; };
		A1DC6400CCCF3321C36E7E59 /* Pods-Rocketshelf.release.xcconfig */ = {isa = PBXFileReference; includeInIndex = 1; lastKnownFileType = text.xcconfig; name = "Pods-Rocketshelf.release.xcconfig"; path = "Target Support Files/Pods-Rocketshelf/Pods-Rocketshelf.release.xcconfig"; sourceTree = "<group>"; };
		AE8ACD3F23D7473B003C8213 /* Rocketshelf.app */ = {isa = PBXFileReference; explicitFileType = wrapper.application; includeInIndex = 0; path = Rocketshelf.app; sourceTree = BUILT_PRODUCTS_DIR; };
		AE8ACD4223D7473B003C8213 /* AppDelegate.swift */ = {isa = PBXFileReference; lastKnownFileType = sourcecode.swift; path = AppDelegate.swift; sourceTree = "<group>"; };
		AE8ACD4423D7473B003C8213 /* SceneDelegate.swift */ = {isa = PBXFileReference; lastKnownFileType = sourcecode.swift; path = SceneDelegate.swift; sourceTree = "<group>"; };
		AE8ACD4623D7473B003C8213 /* ViewController.swift */ = {isa = PBXFileReference; lastKnownFileType = sourcecode.swift; path = ViewController.swift; sourceTree = "<group>"; };
		AE8ACD4C23D7473B003C8213 /* Rocketshelf.xcdatamodel */ = {isa = PBXFileReference; lastKnownFileType = wrapper.xcdatamodel; path = Rocketshelf.xcdatamodel; sourceTree = "<group>"; };
		AE8ACD4E23D7473C003C8213 /* Assets.xcassets */ = {isa = PBXFileReference; lastKnownFileType = folder.assetcatalog; path = Assets.xcassets; sourceTree = "<group>"; };
		AE8ACD5323D7473C003C8213 /* Info.plist */ = {isa = PBXFileReference; lastKnownFileType = text.plist.xml; path = Info.plist; sourceTree = "<group>"; };
		AE8ACD5B23D75C66003C8213 /* GoogleService-Info.plist */ = {isa = PBXFileReference; fileEncoding = 4; lastKnownFileType = text.plist.xml; name = "GoogleService-Info.plist"; path = "../../../../../Downloads/GoogleService-Info.plist"; sourceTree = "<group>"; };
		AEAF427123D7971200320816 /* Base */ = {isa = PBXFileReference; lastKnownFileType = file.storyboard; name = Base; path = "../../../../../Downloads/Rocket Library/Rocket Library/Base.lproj/Main.storyboard"; sourceTree = "<group>"; };
		AEAF427423D7972B00320816 /* Base */ = {isa = PBXFileReference; lastKnownFileType = file.storyboard; name = Base; path = "../../../../../Downloads/Rocket Library/Rocket Library/Base.lproj/LaunchScreen.storyboard"; sourceTree = "<group>"; };
		B2FC73D9E80DDFF4D87C5824 /* Pods_Rocketshelf.framework */ = {isa = PBXFileReference; explicitFileType = wrapper.framework; includeInIndex = 0; path = Pods_Rocketshelf.framework; sourceTree = BUILT_PRODUCTS_DIR; };
/* End PBXFileReference section */

/* Begin PBXFrameworksBuildPhase section */
		AE8ACD3C23D7473B003C8213 /* Frameworks */ = {
			isa = PBXFrameworksBuildPhase;
			buildActionMask = 2147483647;
			files = (
				86A44A94BF35B9D25DCF45F9 /* Pods_Rocketshelf.framework in Frameworks */,
			);
			runOnlyForDeploymentPostprocessing = 0;
		};
/* End PBXFrameworksBuildPhase section */

/* Begin PBXGroup section */
		8D9B021B88AF09F6139FF618 /* Pods */ = {
			isa = PBXGroup;
			children = (
				2941F0E4162D3F644B5BFF60 /* Pods-Rocketshelf.debug.xcconfig */,
				A1DC6400CCCF3321C36E7E59 /* Pods-Rocketshelf.release.xcconfig */,
			);
			path = Pods;
			sourceTree = "<group>";
		};
		AE8ACD3623D7473B003C8213 = {
			isa = PBXGroup;
			children = (
				AE8ACD4123D7473B003C8213 /* Rocketshelf */,
				AE8ACD4023D7473B003C8213 /* Products */,
				8D9B021B88AF09F6139FF618 /* Pods */,
				DD13DC780AD62DF12FDA08BD /* Frameworks */,
			);
			sourceTree = "<group>";
		};
		AE8ACD4023D7473B003C8213 /* Products */ = {
			isa = PBXGroup;
			children = (
				AE8ACD3F23D7473B003C8213 /* Rocketshelf.app */,
			);
			name = Products;
			sourceTree = "<group>";
		};
		AE8ACD4123D7473B003C8213 /* Rocketshelf */ = {
			isa = PBXGroup;
			children = (
				AE8ACD5B23D75C66003C8213 /* GoogleService-Info.plist */,
				AE8ACD4223D7473B003C8213 /* AppDelegate.swift */,
				AE8ACD4423D7473B003C8213 /* SceneDelegate.swift */,
				AE8ACD4623D7473B003C8213 /* ViewController.swift */,
				AEAF427023D7971200320816 /* Main.storyboard */,
				AE8ACD4E23D7473C003C8213 /* Assets.xcassets */,
				AEAF427323D7972B00320816 /* LaunchScreen.storyboard */,
				AE8ACD5323D7473C003C8213 /* Info.plist */,
				AE8ACD4B23D7473B003C8213 /* Rocketshelf.xcdatamodeld */,
			);
			path = Rocketshelf;
			sourceTree = "<group>";
		};
		DD13DC780AD62DF12FDA08BD /* Frameworks */ = {
			isa = PBXGroup;
			children = (
				B2FC73D9E80DDFF4D87C5824 /* Pods_Rocketshelf.framework */,
			);
			name = Frameworks;
			sourceTree = "<group>";
		};
/* End PBXGroup section */

/* Begin PBXNativeTarget section */
		AE8ACD3E23D7473B003C8213 /* Rocketshelf */ = {
			isa = PBXNativeTarget;
			buildConfigurationList = AE8ACD5623D7473C003C8213 /* Build configuration list for PBXNativeTarget "Rocketshelf" */;
			buildPhases = (
				7194E876470B9650308D8BBF /* [CP] Check Pods Manifest.lock */,
				AE8ACD3B23D7473B003C8213 /* Sources */,
				AE8ACD3C23D7473B003C8213 /* Frameworks */,
				AE8ACD3D23D7473B003C8213 /* Resources */,
				C354DBA90FF32192F620E1BB /* [CP] Embed Pods Frameworks */,
				F2C57878C7469420694A92D6 /* [CP] Copy Pods Resources */,
			);
			buildRules = (
			);
			dependencies = (
			);
			name = Rocketshelf;
			productName = Rocketshelf;
			productReference = AE8ACD3F23D7473B003C8213 /* Rocketshelf.app */;
			productType = "com.apple.product-type.application";
		};
/* End PBXNativeTarget section */

/* Begin PBXProject section */
		AE8ACD3723D7473B003C8213 /* Project object */ = {
			isa = PBXProject;
			attributes = {
				LastSwiftUpdateCheck = 1130;
				LastUpgradeCheck = 1130;
				ORGANIZATIONNAME = "Anilton Magalhães";
				TargetAttributes = {
					AE8ACD3E23D7473B003C8213 = {
						CreatedOnToolsVersion = 11.3.1;
					};
				};
			};
			buildConfigurationList = AE8ACD3A23D7473B003C8213 /* Build configuration list for PBXProject "Rocketshelf" */;
			compatibilityVersion = "Xcode 9.3";
			developmentRegion = en;
			hasScannedForEncodings = 0;
			knownRegions = (
				en,
				Base,
			);
			mainGroup = AE8ACD3623D7473B003C8213;
			productRefGroup = AE8ACD4023D7473B003C8213 /* Products */;
			projectDirPath = "";
			projectRoot = "";
			targets = (
				AE8ACD3E23D7473B003C8213 /* Rocketshelf */,
			);
		};
/* End PBXProject section */

/* Begin PBXResourcesBuildPhase section */
		AE8ACD3D23D7473B003C8213 /* Resources */ = {
			isa = PBXResourcesBuildPhase;
			buildActionMask = 2147483647;
			files = (
				AEAF427223D7971200320816 /* Main.storyboard in Resources */,
				AEAF427523D7972B00320816 /* LaunchScreen.storyboard in Resources */,
				AE8ACD5C23D75C66003C8213 /* GoogleService-Info.plist in Resources */,
				AE8ACD4F23D7473C003C8213 /* Assets.xcassets in Resources */,
			);
			runOnlyForDeploymentPostprocessing = 0;
		};
/* End PBXResourcesBuildPhase section */

/* Begin PBXShellScriptBuildPhase section */
		7194E876470B9650308D8BBF /* [CP] Check Pods Manifest.lock */ = {
			isa = PBXShellScriptBuildPhase;
			buildActionMask = 2147483647;
			files = (
			);
			inputFileListPaths = (
			);
			inputPaths = (
				"${PODS_PODFILE_DIR_PATH}/Podfile.lock",
				"${PODS_ROOT}/Manifest.lock",
			);
			name = "[CP] Check Pods Manifest.lock";
			outputFileListPaths = (
			);
			outputPaths = (
				"$(DERIVED_FILE_DIR)/Pods-Rocketshelf-checkManifestLockResult.txt",
			);
			runOnlyForDeploymentPostprocessing = 0;
			shellPath = /bin/sh;
			shellScript = "diff \"${PODS_PODFILE_DIR_PATH}/Podfile.lock\" \"${PODS_ROOT}/Manifest.lock\" > /dev/null\nif [ $? != 0 ] ; then\n    # print error to STDERR\n    echo \"error: The sandbox is not in sync with the Podfile.lock. Run 'pod install' or update your CocoaPods installation.\" >&2\n    exit 1\nfi\n# This output is used by Xcode 'outputs' to avoid re-running this script phase.\necho \"SUCCESS\" > \"${SCRIPT_OUTPUT_FILE_0}\"\n";
			showEnvVarsInLog = 0;
		};
		C354DBA90FF32192F620E1BB /* [CP] Embed Pods Frameworks */ = {
			isa = PBXShellScriptBuildPhase;
			buildActionMask = 2147483647;
			files = (
			);
			inputFileListPaths = (
				"${PODS_ROOT}/Target Support Files/Pods-Rocketshelf/Pods-Rocketshelf-frameworks-${CONFIGURATION}-input-files.xcfilelist",
			);
			name = "[CP] Embed Pods Frameworks";
			outputFileListPaths = (
				"${PODS_ROOT}/Target Support Files/Pods-Rocketshelf/Pods-Rocketshelf-frameworks-${CONFIGURATION}-output-files.xcfilelist",
			);
			runOnlyForDeploymentPostprocessing = 0;
			shellPath = /bin/sh;
			shellScript = "\"${PODS_ROOT}/Target Support Files/Pods-Rocketshelf/Pods-Rocketshelf-frameworks.sh\"\n";
			showEnvVarsInLog = 0;
		};
		F2C57878C7469420694A92D6 /* [CP] Copy Pods Resources */ = {
			isa = PBXShellScriptBuildPhase;
			buildActionMask = 2147483647;
			files = (
			);
			inputFileListPaths = (
				"${PODS_ROOT}/Target Support Files/Pods-Rocketshelf/Pods-Rocketshelf-resources-${CONFIGURATION}-input-files.xcfilelist",
			);
			name = "[CP] Copy Pods Resources";
			outputFileListPaths = (
				"${PODS_ROOT}/Target Support Files/Pods-Rocketshelf/Pods-Rocketshelf-resources-${CONFIGURATION}-output-files.xcfilelist",
			);
			runOnlyForDeploymentPostprocessing = 0;
			shellPath = /bin/sh;
			shellScript = "\"${PODS_ROOT}/Target Support Files/Pods-Rocketshelf/Pods-Rocketshelf-resources.sh\"\n";
			showEnvVarsInLog = 0;
		};
/* End PBXShellScriptBuildPhase section */

/* Begin PBXSourcesBuildPhase section */
		AE8ACD3B23D7473B003C8213 /* Sources */ = {
			isa = PBXSourcesBuildPhase;
			buildActionMask = 2147483647;
			files = (
				AE8ACD4723D7473B003C8213 /* ViewController.swift in Sources */,
				AE8ACD4323D7473B003C8213 /* AppDelegate.swift in Sources */,
				AE8ACD4D23D7473B003C8213 /* Rocketshelf.xcdatamodeld in Sources */,
				AE8ACD4523D7473B003C8213 /* SceneDelegate.swift in Sources */,
			);
			runOnlyForDeploymentPostprocessing = 0;
		};
/* End PBXSourcesBuildPhase section */

/* Begin PBXVariantGroup section */
		AEAF427023D7971200320816 /* Main.storyboard */ = {
			isa = PBXVariantGroup;
			children = (
				AEAF427123D7971200320816 /* Base */,
			);
			name = Main.storyboard;
			sourceTree = "<group>";
		};
		AEAF427323D7972B00320816 /* LaunchScreen.storyboard */ = {
			isa = PBXVariantGroup;
			children = (
				AEAF427423D7972B00320816 /* Base */,
			);
			name = LaunchScreen.storyboard;
			sourceTree = "<group>";
		};
/* End PBXVariantGroup section */

/* Begin XCBuildConfiguration section */
		AE8ACD5423D7473C003C8213 /* Debug */ = {
			isa = XCBuildConfiguration;
			buildSettings = {
				ALWAYS_SEARCH_USER_PATHS = NO;
				CLANG_ANALYZER_NONNULL = YES;
				CLANG_ANALYZER_NUMBER_OBJECT_CONVERSION = YES_AGGRESSIVE;
				CLANG_CXX_LANGUAGE_STANDARD = "gnu++14";
				CLANG_CXX_LIBRARY = "libc++";
				CLANG_ENABLE_MODULES = YES;
				CLANG_ENABLE_OBJC_ARC = YES;
				CLANG_ENABLE_OBJC_WEAK = YES;
				CLANG_WARN_BLOCK_CAPTURE_AUTORELEASING = YES;
				CLANG_WARN_BOOL_CONVERSION = YES;
				CLANG_WARN_COMMA = YES;
				CLANG_WARN_CONSTANT_CONVERSION = YES;
				CLANG_WARN_DEPRECATED_OBJC_IMPLEMENTATIONS = YES;
				CLANG_WARN_DIRECT_OBJC_ISA_USAGE = YES_ERROR;
				CLANG_WARN_DOCUMENTATION_COMMENTS = YES;
				CLANG_WARN_EMPTY_BODY = YES;
				CLANG_WARN_ENUM_CONVERSION = YES;
				CLANG_WARN_INFINITE_RECURSION = YES;
				CLANG_WARN_INT_CONVERSION = YES;
				CLANG_WARN_NON_LITERAL_NULL_CONVERSION = YES;
				CLANG_WARN_OBJC_IMPLICIT_RETAIN_SELF = YES;
				CLANG_WARN_OBJC_LITERAL_CONVERSION = YES;
				CLANG_WARN_OBJC_ROOT_CLASS = YES_ERROR;
				CLANG_WARN_RANGE_LOOP_ANALYSIS = YES;
				CLANG_WARN_STRICT_PROTOTYPES = YES;
				CLANG_WARN_SUSPICIOUS_MOVE = YES;
				CLANG_WARN_UNGUARDED_AVAILABILITY = YES_AGGRESSIVE;
				CLANG_WARN_UNREACHABLE_CODE = YES;
				CLANG_WARN__DUPLICATE_METHOD_MATCH = YES;
				COPY_PHASE_STRIP = NO;
				DEBUG_INFORMATION_FORMAT = dwarf;
				ENABLE_STRICT_OBJC_MSGSEND = YES;
				ENABLE_TESTABILITY = YES;
				GCC_C_LANGUAGE_STANDARD = gnu11;
				GCC_DYNAMIC_NO_PIC = NO;
				GCC_NO_COMMON_BLOCKS = YES;
				GCC_OPTIMIZATION_LEVEL = 0;
				GCC_PREPROCESSOR_DEFINITIONS = (
					"DEBUG=1",
					"$(inherited)",
				);
				GCC_WARN_64_TO_32_BIT_CONVERSION = YES;
				GCC_WARN_ABOUT_RETURN_TYPE = YES_ERROR;
				GCC_WARN_UNDECLARED_SELECTOR = YES;
				GCC_WARN_UNINITIALIZED_AUTOS = YES_AGGRESSIVE;
				GCC_WARN_UNUSED_FUNCTION = YES;
				GCC_WARN_UNUSED_VARIABLE = YES;
				IPHONEOS_DEPLOYMENT_TARGET = 13.2;
				MTL_ENABLE_DEBUG_INFO = INCLUDE_SOURCE;
				MTL_FAST_MATH = YES;
				ONLY_ACTIVE_ARCH = YES;
				SDKROOT = iphoneos;
				SWIFT_ACTIVE_COMPILATION_CONDITIONS = DEBUG;
				SWIFT_OPTIMIZATION_LEVEL = "-Onone";
			};
			name = Debug;
		};
		AE8ACD5523D7473C003C8213 /* Release */ = {
			isa = XCBuildConfiguration;
			buildSettings = {
				ALWAYS_SEARCH_USER_PATHS = NO;
				CLANG_ANALYZER_NONNULL = YES;
				CLANG_ANALYZER_NUMBER_OBJECT_CONVERSION = YES_AGGRESSIVE;
				CLANG_CXX_LANGUAGE_STANDARD = "gnu++14";
				CLANG_CXX_LIBRARY = "libc++";
				CLANG_ENABLE_MODULES = YES;
				CLANG_ENABLE_OBJC_ARC = YES;
				CLANG_ENABLE_OBJC_WEAK = YES;
				CLANG_WARN_BLOCK_CAPTURE_AUTORELEASING = YES;
				CLANG_WARN_BOOL_CONVERSION = YES;
				CLANG_WARN_COMMA = YES;
				CLANG_WARN_CONSTANT_CONVERSION = YES;
				CLANG_WARN_DEPRECATED_OBJC_IMPLEMENTATIONS = YES;
				CLANG_WARN_DIRECT_OBJC_ISA_USAGE = YES_ERROR;
				CLANG_WARN_DOCUMENTATION_COMMENTS = YES;
				CLANG_WARN_EMPTY_BODY = YES;
				CLANG_WARN_ENUM_CONVERSION = YES;
				CLANG_WARN_INFINITE_RECURSION = YES;
				CLANG_WARN_INT_CONVERSION = YES;
				CLANG_WARN_NON_LITERAL_NULL_CONVERSION = YES;
				CLANG_WARN_OBJC_IMPLICIT_RETAIN_SELF = YES;
				CLANG_WARN_OBJC_LITERAL_CONVERSION = YES;
				CLANG_WARN_OBJC_ROOT_CLASS = YES_ERROR;
				CLANG_WARN_RANGE_LOOP_ANALYSIS = YES;
				CLANG_WARN_STRICT_PROTOTYPES = YES;
				CLANG_WARN_SUSPICIOUS_MOVE = YES;
				CLANG_WARN_UNGUARDED_AVAILABILITY = YES_AGGRESSIVE;
				CLANG_WARN_UNREACHABLE_CODE = YES;
				CLANG_WARN__DUPLICATE_METHOD_MATCH = YES;
				COPY_PHASE_STRIP = NO;
				DEBUG_INFORMATION_FORMAT = "dwarf-with-dsym";
				ENABLE_NS_ASSERTIONS = NO;
				ENABLE_STRICT_OBJC_MSGSEND = YES;
				GCC_C_LANGUAGE_STANDARD = gnu11;
				GCC_NO_COMMON_BLOCKS = YES;
				GCC_WARN_64_TO_32_BIT_CONVERSION = YES;
				GCC_WARN_ABOUT_RETURN_TYPE = YES_ERROR;
				GCC_WARN_UNDECLARED_SELECTOR = YES;
				GCC_WARN_UNINITIALIZED_AUTOS = YES_AGGRESSIVE;
				GCC_WARN_UNUSED_FUNCTION = YES;
				GCC_WARN_UNUSED_VARIABLE = YES;
				IPHONEOS_DEPLOYMENT_TARGET = 13.2;
				MTL_ENABLE_DEBUG_INFO = NO;
				MTL_FAST_MATH = YES;
				SDKROOT = iphoneos;
				SWIFT_COMPILATION_MODE = wholemodule;
				SWIFT_OPTIMIZATION_LEVEL = "-O";
				VALIDATE_PRODUCT = YES;
			};
			name = Release;
		};
		AE8ACD5723D7473C003C8213 /* Debug */ = {
			isa = XCBuildConfiguration;
			baseConfigurationReference = 2941F0E4162D3F644B5BFF60 /* Pods-Rocketshelf.debug.xcconfig */;
			buildSettings = {
				ASSETCATALOG_COMPILER_APPICON_NAME = AppIcon;
				CODE_SIGN_STYLE = Automatic;
				INFOPLIST_FILE = Rocketshelf/Info.plist;
				LD_RUNPATH_SEARCH_PATHS = (
					"$(inherited)",
					"@executable_path/Frameworks",
				);
				PRODUCT_BUNDLE_IDENTIFIER = com.newtmagalhaes.Rocketshelf;
				PRODUCT_NAME = "$(TARGET_NAME)";
				SWIFT_VERSION = 5.0;
				TARGETED_DEVICE_FAMILY = "1,2";
			};
			name = Debug;
		};
		AE8ACD5823D7473C003C8213 /* Release */ = {
			isa = XCBuildConfiguration;
			baseConfigurationReference = A1DC6400CCCF3321C36E7E59 /* Pods-Rocketshelf.release.xcconfig */;
			buildSettings = {
				ASSETCATALOG_COMPILER_APPICON_NAME = AppIcon;
				CODE_SIGN_STYLE = Automatic;
				INFOPLIST_FILE = Rocketshelf/Info.plist;
				LD_RUNPATH_SEARCH_PATHS = (
					"$(inherited)",
					"@executable_path/Frameworks",
				);
				PRODUCT_BUNDLE_IDENTIFIER = com.newtmagalhaes.Rocketshelf;
				PRODUCT_NAME = "$(TARGET_NAME)";
				SWIFT_VERSION = 5.0;
				TARGETED_DEVICE_FAMILY = "1,2";
			};
			name = Release;
		};
/* End XCBuildConfiguration section */

/* Begin XCConfigurationList section */
		AE8ACD3A23D7473B003C8213 /* Build configuration list for PBXProject "Rocketshelf" */ = {
			isa = XCConfigurationList;
			buildConfigurations = (
				AE8ACD5423D7473C003C8213 /* Debug */,
				AE8ACD5523D7473C003C8213 /* Release */,
			);
			defaultConfigurationIsVisible = 0;
			defaultConfigurationName = Release;
		};
		AE8ACD5623D7473C003C8213 /* Build configuration list for PBXNativeTarget "Rocketshelf" */ = {
			isa = XCConfigurationList;
			buildConfigurations = (
				AE8ACD5723D7473C003C8213 /* Debug */,
				AE8ACD5823D7473C003C8213 /* Release */,
			);
			defaultConfigurationIsVisible = 0;
			defaultConfigurationName = Release;
		};
/* End XCConfigurationList section */

/* Begin XCVersionGroup section */
		AE8ACD4B23D7473B003C8213 /* Rocketshelf.xcdatamodeld */ = {
			isa = XCVersionGroup;
			children = (
				AE8ACD4C23D7473B003C8213 /* Rocketshelf.xcdatamodel */,
			);
			currentVersion = AE8ACD4C23D7473B003C8213 /* Rocketshelf.xcdatamodel */;
			path = Rocketshelf.xcdatamodeld;
			sourceTree = "<group>";
			versionGroupType = wrapper.xcdatamodel;
		};
/* End XCVersionGroup section */
	};
	rootObject = AE8ACD3723D7473B003C8213 /* Project object */;
}
